
Microsoft Visual Studio Solution File, Format Version 12.00
# Visual Studio Version 17
VisualStudioVersion = 17.5.33530.505
MinimumVisualStudioVersion = 10.0.40219.1
Project("{FAE04EC0-301F-11D3-BF4B-00C04F79EFBC}") = "CurrencyConverter", "CurrencyConverter\CurrencyConverter.csproj", "{603B2BD7-CCE5-4355-8BB6-4E99F7A086D0}"
EndProject
Global
	GlobalSection(SolutionConfigurationPlatforms) = preSolution
		Debug|Any CPU = Debug|Any CPU
		Release|Any CPU = Release|Any CPU
	EndGlobalSection
	GlobalSection(ProjectConfigurationPlatforms) = postSolution
		{603B2BD7-CCE5-4355-8BB6-4E99F7A086D0}.Debug|Any CPU.ActiveCfg = Debug|Any CPU
		{603B2BD7-CCE5-4355-8BB6-4E99F7A086D0}.Debug|Any CPU.Build.0 = Debug|Any CPU
		{603B2BD7-CCE5-4355-8BB6-4E99F7A086D0}.Release|Any CPU.ActiveCfg = Release|Any CPU
		{603B2BD7-CCE5-4355-8BB6-4E99F7A086D0}.Release|Any CPU.Build.0 = Release|Any CPU
	EndGlobalSection
	GlobalSection(SolutionProperties) = preSolution
		HideSolutionNode = FALSE
	EndGlobalSection
	GlobalSection(ExtensibilityGlobals) = postSolution
		SolutionGuid = {A9C4BC1A-E382-45DB-8547-93327596072C}
	EndGlobalSection
EndGlobal
